// !$*UTF8*$!
{
	archiveVersion = 1;
	classes = {
	};
	objectVersion = 56;
	objects = {

/* Begin PBXBuildFile section */
		9D20BDC32A86591E00AE7333 /* QAnalytixApp.swift in Sources */ = {isa = PBXBuildFile; fileRef = 9D20BDC22A86591E00AE7333 /* QAnalytixApp.swift */; };
		9D20BDC72A86591F00AE7333 /* Assets.xcassets in Resources */ = {isa = PBXBuildFile; fileRef = 9D20BDC62A86591F00AE7333 /* Assets.xcassets */; };
		9D20BDCA2A86591F00AE7333 /* Preview Assets.xcassets in Resources */ = {isa = PBXBuildFile; fileRef = 9D20BDC92A86591F00AE7333 /* Preview Assets.xcassets */; };
/* End PBXBuildFile section */

/* Begin PBXFileReference section */
		9D20BDBF2A86591E00AE7333 /* QAnalytix.app */ = {isa = PBXFileReference; explicitFileType = wrapper.application; includeInIndex = 0; path = QAnalytix.app; sourceTree = BUILT_PRODUCTS_DIR; };
		9D20BDC22A86591E00AE7333 /* QAnalytixApp.swift */ = {isa = PBXFileReference; lastKnownFileType = sourcecode.swift; path = QAnalytixApp.swift; sourceTree = "<group>"; };
		9D20BDC62A86591F00AE7333 /* Assets.xcassets */ = {isa = PBXFileReference; lastKnownFileType = folder.assetcatalog; path = Assets.xcassets; sourceTree = "<group>"; };
		9D20BDC92A86591F00AE7333 /* Preview Assets.xcassets */ = {isa = PBXFileReference; lastKnownFileType = folder.assetcatalog; path = "Preview Assets.xcassets"; sourceTree = "<group>"; };
		9D20BDD32A86595300AE7333 /* Styles.swift */ = {isa = PBXFileReference; lastKnownFileType = sourcecode.swift; path = Styles.swift; sourceTree = "<group>"; };
		9D20BDD52A86595700AE7333 /* HttpResponseModel.swift */ = {isa = PBXFileReference; lastKnownFileType = sourcecode.swift; path = HttpResponseModel.swift; sourceTree = "<group>"; };
		9D20BDD72A86596000AE7333 /* LoadAnimationView.swift */ = {isa = PBXFileReference; lastKnownFileType = sourcecode.swift; path = LoadAnimationView.swift; sourceTree = "<group>"; };
		9D20BDD82A86596000AE7333 /* MainRefresh.swift */ = {isa = PBXFileReference; lastKnownFileType = sourcecode.swift; path = MainRefresh.swift; sourceTree = "<group>"; };
		9D20BDDA2A86596000AE7333 /* MyWebView.swift */ = {isa = PBXFileReference; lastKnownFileType = sourcecode.swift; path = MyWebView.swift; sourceTree = "<group>"; };
		9D20BDDC2A86596000AE7333 /* NewTabView.swift */ = {isa = PBXFileReference; lastKnownFileType = sourcecode.swift; path = NewTabView.swift; sourceTree = "<group>"; };
		9D20BDDD2A86596000AE7333 /* TabBarButton.swift */ = {isa = PBXFileReference; lastKnownFileType = sourcecode.swift; path = TabBarButton.swift; sourceTree = "<group>"; };
		9D20BDDF2A86596000AE7333 /* PushEvent2View..swift */ = {isa = PBXFileReference; lastKnownFileType = sourcecode.swift; path = PushEvent2View..swift; sourceTree = "<group>"; };
		9D20BDE02A86596000AE7333 /* PushEvent1View.swift */ = {isa = PBXFileReference; lastKnownFileType = sourcecode.swift; path = PushEvent1View.swift; sourceTree = "<group>"; };
		9D20BDE12A86596000AE7333 /* PushSubEventView.swift */ = {isa = PBXFileReference; lastKnownFileType = sourcecode.swift; path = PushSubEventView.swift; sourceTree = "<group>"; };
		9D20BDE22A86596000AE7333 /* SuccessRegistrationView.swift */ = {isa = PBXFileReference; lastKnownFileType = sourcecode.swift; path = SuccessRegistrationView.swift; sourceTree = "<group>"; };
		9D20BDE32A86596000AE7333 /* SuccessDView.swift */ = {isa = PBXFileReference; lastKnownFileType = sourcecode.swift; path = SuccessDView.swift; sourceTree = "<group>"; };
		9D20BDE52A86596000AE7333 /* Onboarding1View.swift */ = {isa = PBXFileReference; lastKnownFileType = sourcecode.swift; path = Onboarding1View.swift; sourceTree = "<group>"; };
		9D20BDE62A86596000AE7333 /* Onboarding6View.swift */ = {isa = PBXFileReference; lastKnownFileType = sourcecode.swift; path = Onboarding6View.swift; sourceTree = "<group>"; };
		9D20BDE72A86596000AE7333 /* Onboarding3View.swift */ = {isa = PBXFileReference; lastKnownFileType = sourcecode.swift; path = Onboarding3View.swift; sourceTree = "<group>"; };
		9D20BDE82A86596000AE7333 /* Onboarding5View.swift */ = {isa = PBXFileReference; lastKnownFileType = sourcecode.swift; path = Onboarding5View.swift; sourceTree = "<group>"; };
		9D20BDE92A86596000AE7333 /* FirstTabReplace.swift */ = {isa = PBXFileReference; lastKnownFileType = sourcecode.swift; path = FirstTabReplace.swift; sourceTree = "<group>"; };
		9D20BDEB2A86596500AE7333 /* AppDelegateVM.swift */ = {isa = PBXFileReference; lastKnownFileType = sourcecode.swift; path = AppDelegateVM.swift; sourceTree = "<group>"; };
		9D20BDEC2A86596500AE7333 /* WebVM.swift */ = {isa = PBXFileReference; lastKnownFileType = sourcecode.swift; path = WebVM.swift; sourceTree = "<group>"; };
		9D20BDED2A86596500AE7333 /* PushEventVM.swift */ = {isa = PBXFileReference; lastKnownFileType = sourcecode.swift; path = PushEventVM.swift; sourceTree = "<group>"; };
		9D20BDEE2A86596500AE7333 /* UserVM.swift */ = {isa = PBXFileReference; lastKnownFileType = sourcecode.swift; path = UserVM.swift; sourceTree = "<group>"; };
/* End PBXFileReference section */

/* Begin PBXFrameworksBuildPhase section */
		9D20BDBC2A86591E00AE7333 /* Frameworks */ = {
			isa = PBXFrameworksBuildPhase;
			buildActionMask = 2147483647;
			files = (
			);
			runOnlyForDeploymentPostprocessing = 0;
		};
/* End PBXFrameworksBuildPhase section */

/* Begin PBXGroup section */
		9D20BDB62A86591E00AE7333 = {
			isa = PBXGroup;
			children = (
				9D20BDC12A86591E00AE7333 /* QAnalytix */,
				9D20BDC02A86591E00AE7333 /* Products */,
			);
			sourceTree = "<group>";
		};
		9D20BDC02A86591E00AE7333 /* Products */ = {
			isa = PBXGroup;
			children = (
				9D20BDBF2A86591E00AE7333 /* QAnalytix.app */,
			);
			name = Products;
			sourceTree = "<group>";
		};
		9D20BDC12A86591E00AE7333 /* QAnalytix */ = {
			isa = PBXGroup;
			children = (
				9D20BDD22A86595300AE7333 /* Helpers */,
				9D20BDC22A86591E00AE7333 /* QAnalytixApp.swift */,
				9D20BDEA2A86596500AE7333 /* ViewModel */,
				9D20BDD62A86596000AE7333 /* View */,
				9D20BDD42A86595700AE7333 /* Model */,
				9D20BDC62A86591F00AE7333 /* Assets.xcassets */,
				9D20BDC82A86591F00AE7333 /* Preview Content */,
			);
			path = QAnalytix;
			sourceTree = "<group>";
		};
		9D20BDC82A86591F00AE7333 /* Preview Content */ = {
			isa = PBXGroup;
			children = (
				9D20BDC92A86591F00AE7333 /* Preview Assets.xcassets */,
			);
			path = "Preview Content";
			sourceTree = "<group>";
		};
		9D20BDD22A86595300AE7333 /* Helpers */ = {
			isa = PBXGroup;
			children = (
				9D20BDD32A86595300AE7333 /* Styles.swift */,
			);
			path = Helpers;
			sourceTree = "<group>";
		};
		9D20BDD42A86595700AE7333 /* Model */ = {
			isa = PBXGroup;
			children = (
				9D20BDD52A86595700AE7333 /* HttpResponseModel.swift */,
			);
			path = Model;
			sourceTree = "<group>";
		};
		9D20BDD62A86596000AE7333 /* View */ = {
			isa = PBXGroup;
			children = (
				9D20BDD72A86596000AE7333 /* LoadAnimationView.swift */,
				9D20BDD82A86596000AE7333 /* MainRefresh.swift */,
				9D20BDD92A86596000AE7333 /* Web */,
				9D20BDDB2A86596000AE7333 /* TabView */,
				9D20BDDE2A86596000AE7333 /* Events */,
				9D20BDE42A86596000AE7333 /* Onboarding */,
				9D20BDE92A86596000AE7333 /* FirstTabReplace.swift */,
			);
			path = View;
			sourceTree = "<group>";
		};
		9D20BDD92A86596000AE7333 /* Web */ = {
			isa = PBXGroup;
			children = (
				9D20BDDA2A86596000AE7333 /* MyWebView.swift */,
			);
			path = Web;
			sourceTree = "<group>";
		};
		9D20BDDB2A86596000AE7333 /* TabView */ = {
			isa = PBXGroup;
			children = (
				9D20BDDC2A86596000AE7333 /* NewTabView.swift */,
				9D20BDDD2A86596000AE7333 /* TabBarButton.swift */,
			);
			path = TabView;
			sourceTree = "<group>";
		};
		9D20BDDE2A86596000AE7333 /* Events */ = {
			isa = PBXGroup;
			children = (
				9D20BDDF2A86596000AE7333 /* PushEvent2View..swift */,
				9D20BDE02A86596000AE7333 /* PushEvent1View.swift */,
				9D20BDE12A86596000AE7333 /* PushSubEventView.swift */,
				9D20BDE22A86596000AE7333 /* SuccessRegistrationView.swift */,
				9D20BDE32A86596000AE7333 /* SuccessDView.swift */,
			);
			path = Events;
			sourceTree = "<group>";
		};
		9D20BDE42A86596000AE7333 /* Onboarding */ = {
			isa = PBXGroup;
			children = (
				9D20BDE52A86596000AE7333 /* Onboarding1View.swift */,
				9D20BDE62A86596000AE7333 /* Onboarding6View.swift */,
				9D20BDE72A86596000AE7333 /* Onboarding3View.swift */,
				9D20BDE82A86596000AE7333 /* Onboarding5View.swift */,
			);
			path = Onboarding;
			sourceTree = "<group>";
		};
		9D20BDEA2A86596500AE7333 /* ViewModel */ = {
			isa = PBXGroup;
			children = (
				9D20BDEB2A86596500AE7333 /* AppDelegateVM.swift */,
				9D20BDEC2A86596500AE7333 /* WebVM.swift */,
				9D20BDED2A86596500AE7333 /* PushEventVM.swift */,
				9D20BDEE2A86596500AE7333 /* UserVM.swift */,
			);
			path = ViewModel;
			sourceTree = "<group>";
		};
/* End PBXGroup section */

/* Begin PBXNativeTarget section */
		9D20BDBE2A86591E00AE7333 /* QAnalytix */ = {
			isa = PBXNativeTarget;
			buildConfigurationList = 9D20BDCD2A86591F00AE7333 /* Build configuration list for PBXNativeTarget "QAnalytix" */;
			buildPhases = (
				9D20BDBB2A86591E00AE7333 /* Sources */,
				9D20BDBC2A86591E00AE7333 /* Frameworks */,
				9D20BDBD2A86591E00AE7333 /* Resources */,
			);
			buildRules = (
			);
			dependencies = (
			);
			name = QAnalytix;
			productName = QAnalytix;
			productReference = 9D20BDBF2A86591E00AE7333 /* QAnalytix.app */;
			productType = "com.apple.product-type.application";
		};
/* End PBXNativeTarget section */

/* Begin PBXProject section */
		9D20BDB72A86591E00AE7333 /* Project object */ = {
			isa = PBXProject;
			attributes = {
				BuildIndependentTargetsInParallel = 1;
				LastSwiftUpdateCheck = 1430;
				LastUpgradeCheck = 1430;
				TargetAttributes = {
					9D20BDBE2A86591E00AE7333 = {
						CreatedOnToolsVersion = 14.3.1;
					};
				};
			};
			buildConfigurationList = 9D20BDBA2A86591E00AE7333 /* Build configuration list for PBXProject "QAnalytix" */;
			compatibilityVersion = "Xcode 14.0";
			developmentRegion = en;
			hasScannedForEncodings = 0;
			knownRegions = (
				en,
				Base,
			);
			mainGroup = 9D20BDB62A86591E00AE7333;
			productRefGroup = 9D20BDC02A86591E00AE7333 /* Products */;
			projectDirPath = "";
			projectRoot = "";
			targets = (
				9D20BDBE2A86591E00AE7333 /* QAnalytix */,
			);
		};
/* End PBXProject section */

/* Begin PBXResourcesBuildPhase section */
		9D20BDBD2A86591E00AE7333 /* Resources */ = {
			isa = PBXResourcesBuildPhase;
			buildActionMask = 2147483647;
			files = (
				9D20BDCA2A86591F00AE7333 /* Preview Assets.xcassets in Resources */,
				9D20BDC72A86591F00AE7333 /* Assets.xcassets in Resources */,
			);
			runOnlyForDeploymentPostprocessing = 0;
		};
/* End PBXResourcesBuildPhase section */

/* Begin PBXSourcesBuildPhase section */
		9D20BDBB2A86591E00AE7333 /* Sources */ = {
			isa = PBXSourcesBuildPhase;
			buildActionMask = 2147483647;
			files = (
				9D20BDC32A86591E00AE7333 /* QAnalytixApp.swift in Sources */,
			);
			runOnlyForDeploymentPostprocessing = 0;
		};
/* End PBXSourcesBuildPhase section */

/* Begin XCBuildConfiguration section */
		9D20BDCB2A86591F00AE7333 /* Debug */ = {
			isa = XCBuildConfiguration;
			buildSettings = {
				ALWAYS_SEARCH_USER_PATHS = NO;
				CLANG_ANALYZER_NONNULL = YES;
				CLANG_ANALYZER_NUMBER_OBJECT_CONVERSION = YES_AGGRESSIVE;
				CLANG_CXX_LANGUAGE_STANDARD = "gnu++20";
				CLANG_ENABLE_MODULES = YES;
				CLANG_ENABLE_OBJC_ARC = YES;
				CLANG_ENABLE_OBJC_WEAK = YES;
				CLANG_WARN_BLOCK_CAPTURE_AUTORELEASING = YES;
				CLANG_WARN_BOOL_CONVERSION = YES;
				CLANG_WARN_COMMA = YES;
				CLANG_WARN_CONSTANT_CONVERSION = YES;
				CLANG_WARN_DEPRECATED_OBJC_IMPLEMENTATIONS = YES;
				CLANG_WARN_DIRECT_OBJC_ISA_USAGE = YES_ERROR;
				CLANG_WARN_DOCUMENTATION_COMMENTS = YES;
				CLANG_WARN_EMPTY_BODY = YES;
				CLANG_WARN_ENUM_CONVERSION = YES;
				CLANG_WARN_INFINITE_RECURSION = YES;
				CLANG_WARN_INT_CONVERSION = YES;
				CLANG_WARN_NON_LITERAL_NULL_CONVERSION = YES;
				CLANG_WARN_OBJC_IMPLICIT_RETAIN_SELF = YES;
				CLANG_WARN_OBJC_LITERAL_CONVERSION = YES;
				CLANG_WARN_OBJC_ROOT_CLASS = YES_ERROR;
				CLANG_WARN_QUOTED_INCLUDE_IN_FRAMEWORK_HEADER = YES;
				CLANG_WARN_RANGE_LOOP_ANALYSIS = YES;
				CLANG_WARN_STRICT_PROTOTYPES = YES;
				CLANG_WARN_SUSPICIOUS_MOVE = YES;
				CLANG_WARN_UNGUARDED_AVAILABILITY = YES_AGGRESSIVE;
				CLANG_WARN_UNREACHABLE_CODE = YES;
				CLANG_WARN__DUPLICATE_METHOD_MATCH = YES;
				COPY_PHASE_STRIP = NO;
				DEBUG_INFORMATION_FORMAT = dwarf;
				ENABLE_STRICT_OBJC_MSGSEND = YES;
				ENABLE_TESTABILITY = YES;
				GCC_C_LANGUAGE_STANDARD = gnu11;
				GCC_DYNAMIC_NO_PIC = NO;
				GCC_NO_COMMON_BLOCKS = YES;
				GCC_OPTIMIZATION_LEVEL = 0;
				GCC_PREPROCESSOR_DEFINITIONS = (
					"DEBUG=1",
					"$(inherited)",
				);
				GCC_WARN_64_TO_32_BIT_CONVERSION = YES;
				GCC_WARN_ABOUT_RETURN_TYPE = YES_ERROR;
				GCC_WARN_UNDECLARED_SELECTOR = YES;
				GCC_WARN_UNINITIALIZED_AUTOS = YES_AGGRESSIVE;
				GCC_WARN_UNUSED_FUNCTION = YES;
				GCC_WARN_UNUSED_VARIABLE = YES;
				IPHONEOS_DEPLOYMENT_TARGET = 16.4;
				MTL_ENABLE_DEBUG_INFO = INCLUDE_SOURCE;
				MTL_FAST_MATH = YES;
				ONLY_ACTIVE_ARCH = YES;
				SDKROOT = iphoneos;
				SWIFT_ACTIVE_COMPILATION_CONDITIONS = DEBUG;
				SWIFT_OPTIMIZATION_LEVEL = "-Onone";
			};
			name = Debug;
		};
		9D20BDCC2A86591F00AE7333 /* Release */ = {
			isa = XCBuildConfiguration;
			buildSettings = {
				ALWAYS_SEARCH_USER_PATHS = NO;
				CLANG_ANALYZER_NONNULL = YES;
				CLANG_ANALYZER_NUMBER_OBJECT_CONVERSION = YES_AGGRESSIVE;
				CLANG_CXX_LANGUAGE_STANDARD = "gnu++20";
				CLANG_ENABLE_MODULES = YES;
				CLANG_ENABLE_OBJC_ARC = YES;
				CLANG_ENABLE_OBJC_WEAK = YES;
				CLANG_WARN_BLOCK_CAPTURE_AUTORELEASING = YES;
				CLANG_WARN_BOOL_CONVERSION = YES;
				CLANG_WARN_COMMA = YES;
				CLANG_WARN_CONSTANT_CONVERSION = YES;
				CLANG_WARN_DEPRECATED_OBJC_IMPLEMENTATIONS = YES;
				CLANG_WARN_DIRECT_OBJC_ISA_USAGE = YES_ERROR;
				CLANG_WARN_DOCUMENTATION_COMMENTS = YES;
				CLANG_WARN_EMPTY_BODY = YES;
				CLANG_WARN_ENUM_CONVERSION = YES;
				CLANG_WARN_INFINITE_RECURSION = YES;
				CLANG_WARN_INT_CONVERSION = YES;
				CLANG_WARN_NON_LITERAL_NULL_CONVERSION = YES;
				CLANG_WARN_OBJC_IMPLICIT_RETAIN_SELF = YES;
				CLANG_WARN_OBJC_LITERAL_CONVERSION = YES;
				CLANG_WARN_OBJC_ROOT_CLASS = YES_ERROR;
				CLANG_WARN_QUOTED_INCLUDE_IN_FRAMEWORK_HEADER = YES;
				CLANG_WARN_RANGE_LOOP_ANALYSIS = YES;
				CLANG_WARN_STRICT_PROTOTYPES = YES;
				CLANG_WARN_SUSPICIOUS_MOVE = YES;
				CLANG_WARN_UNGUARDED_AVAILABILITY = YES_AGGRESSIVE;
				CLANG_WARN_UNREACHABLE_CODE = YES;
				CLANG_WARN__DUPLICATE_METHOD_MATCH = YES;
				COPY_PHASE_STRIP = NO;
				DEBUG_INFORMATION_FORMAT = "dwarf-with-dsym";
				ENABLE_NS_ASSERTIONS = NO;
				ENABLE_STRICT_OBJC_MSGSEND = YES;
				GCC_C_LANGUAGE_STANDARD = gnu11;
				GCC_NO_COMMON_BLOCKS = YES;
				GCC_WARN_64_TO_32_BIT_CONVERSION = YES;
				GCC_WARN_ABOUT_RETURN_TYPE = YES_ERROR;
				GCC_WARN_UNDECLARED_SELECTOR = YES;
				GCC_WARN_UNINITIALIZED_AUTOS = YES_AGGRESSIVE;
				GCC_WARN_UNUSED_FUNCTION = YES;
				GCC_WARN_UNUSED_VARIABLE = YES;
				IPHONEOS_DEPLOYMENT_TARGET = 16.4;
				MTL_ENABLE_DEBUG_INFO = NO;
				MTL_FAST_MATH = YES;
				SDKROOT = iphoneos;
				SWIFT_COMPILATION_MODE = wholemodule;
				SWIFT_OPTIMIZATION_LEVEL = "-O";
				VALIDATE_PRODUCT = YES;
			};
			name = Release;
		};
		9D20BDCE2A86591F00AE7333 /* Debug */ = {
			isa = XCBuildConfiguration;
			buildSettings = {
				ASSETCATALOG_COMPILER_APPICON_NAME = AppIcon;
				ASSETCATALOG_COMPILER_GLOBAL_ACCENT_COLOR_NAME = AccentColor;
				CODE_SIGN_STYLE = Automatic;
				CURRENT_PROJECT_VERSION = 1;
				DEVELOPMENT_ASSET_PATHS = "\"QAnalytix/Preview Content\"";
				DEVELOPMENT_TEAM = R8T38AP2YP;
				ENABLE_PREVIEWS = YES;
				GENERATE_INFOPLIST_FILE = YES;
				INFOPLIST_KEY_UIApplicationSceneManifest_Generation = YES;
				INFOPLIST_KEY_UIApplicationSupportsIndirectInputEvents = YES;
				INFOPLIST_KEY_UILaunchScreen_Generation = YES;
				INFOPLIST_KEY_UISupportedInterfaceOrientations_iPad = "UIInterfaceOrientationPortrait UIInterfaceOrientationPortraitUpsideDown UIInterfaceOrientationLandscapeLeft UIInterfaceOrientationLandscapeRight";
				INFOPLIST_KEY_UISupportedInterfaceOrientations_iPhone = "UIInterfaceOrientationPortrait UIInterfaceOrientationLandscapeLeft UIInterfaceOrientationLandscapeRight";
				LD_RUNPATH_SEARCH_PATHS = (
					"$(inherited)",
					"@executable_path/Frameworks",
				);
				MARKETING_VERSION = 1.0;
				PRODUCT_BUNDLE_IDENTIFIER = com.QAnalytix;
				PRODUCT_NAME = "$(TARGET_NAME)";
				SWIFT_EMIT_LOC_STRINGS = YES;
				SWIFT_VERSION = 5.0;
				TARGETED_DEVICE_FAMILY = "1,2";
			};
			name = Debug;
		};
		9D20BDCF2A86591F00AE7333 /* Release */ = {
			isa = XCBuildConfiguration;
			buildSettings = {
				ASSETCATALOG_COMPILER_APPICON_NAME = AppIcon;
				ASSETCATALOG_COMPILER_GLOBAL_ACCENT_COLOR_NAME = AccentColor;
				CODE_SIGN_STYLE = Automatic;
				CURRENT_PROJECT_VERSION = 1;
				DEVELOPMENT_ASSET_PATHS = "\"QAnalytix/Preview Content\"";
				DEVELOPMENT_TEAM = R8T38AP2YP;
				ENABLE_PREVIEWS = YES;
				GENERATE_INFOPLIST_FILE = YES;
				INFOPLIST_KEY_UIApplicationSceneManifest_Generation = YES;
				INFOPLIST_KEY_UIApplicationSupportsIndirectInputEvents = YES;
				INFOPLIST_KEY_UILaunchScreen_Generation = YES;
				INFOPLIST_KEY_UISupportedInterfaceOrientations_iPad = "UIInterfaceOrientationPortrait UIInterfaceOrientationPortraitUpsideDown UIInterfaceOrientationLandscapeLeft UIInterfaceOrientationLandscapeRight";
				INFOPLIST_KEY_UISupportedInterfaceOrientations_iPhone = "UIInterfaceOrientationPortrait UIInterfaceOrientationLandscapeLeft UIInterfaceOrientationLandscapeRight";
				LD_RUNPATH_SEARCH_PATHS = (
					"$(inherited)",
					"@executable_path/Frameworks",
				);
				MARKETING_VERSION = 1.0;
				PRODUCT_BUNDLE_IDENTIFIER = com.QAnalytix;
				PRODUCT_NAME = "$(TARGET_NAME)";
				SWIFT_EMIT_LOC_STRINGS = YES;
				SWIFT_VERSION = 5.0;
				TARGETED_DEVICE_FAMILY = "1,2";
			};
			name = Release;
		};
/* End XCBuildConfiguration section */

/* Begin XCConfigurationList section */
		9D20BDBA2A86591E00AE7333 /* Build configuration list for PBXProject "QAnalytix" */ = {
			isa = XCConfigurationList;
			buildConfigurations = (
				9D20BDCB2A86591F00AE7333 /* Debug */,
				9D20BDCC2A86591F00AE7333 /* Release */,
			);
			defaultConfigurationIsVisible = 0;
			defaultConfigurationName = Release;
		};
		9D20BDCD2A86591F00AE7333 /* Build configuration list for PBXNativeTarget "QAnalytix" */ = {
			isa = XCConfigurationList;
			buildConfigurations = (
				9D20BDCE2A86591F00AE7333 /* Debug */,
				9D20BDCF2A86591F00AE7333 /* Release */,
			);
			defaultConfigurationIsVisible = 0;
			defaultConfigurationName = Release;
		};
/* End XCConfigurationList section */
	};
	rootObject = 9D20BDB72A86591E00AE7333 /* Project object */;
}
